github.com/elazarl/goproxy v0.0.0-20240618083138-03be62527ccb h1:2SoxRauy2IqekRMggrQk3yNI5X6omSnk6ugVbFywwXs=
github.com/elazarl/goproxy v0.0.0-20240618083138-03be62527ccb/go.mod h1:Ro8st/ElPeALwNFlcTpWmkr6IoMFfkjXAvTHpevnDsM=
github.com/elazarl/goproxy v0.0.0-20240719135048-6ca80f564554 h1:8B1qIhHqKk0835teY4/Ubc0Q4JOM+5sZOcLn7tDuy4s=
github.com/elazarl/goproxy v0.0.0-20240719135048-6ca80f564554/go.mod h1:Ro8st/ElPeALwNFlcTpWmkr6IoMFfkjXAvTHpevnDsM=
github.com/elazarl/goproxy/ext v0.0.0-20190711103511-473e67f1d7d2/go.mod h1:gNh8nYJoAm43RfaxurUnxr+N1PwuFV3ZMl/efxlIlY8=
github.com/elazarl/goproxy/ext v0.0.0-20240618083138-03be62527ccb h1:kLNFd3kaKNM3nW0+9Q5uVd8KSC+S/7rIRhOgixk4gw0=
github.com/elazarl/goproxy/ext v0.0.0-20240618083138-03be62527ccb/go.mod h1:gNh8nYJoAm43RfaxurUnxr+N1PwuFV3ZMl/efxlIlY8=
github.com/rogpeppe/go-charset v0.0.0-20180617210344-2471d30d28b4/go.mod h1:qgYeAmZ5ZIpBWTGllZSQnw97Dj+woV0toclVaRGI8pc=
