github.com/elazarl/goproxy v0.0.0-20240618083138-03be62527ccb h1:2SoxRauy2IqekRMggrQk3yNI5X6omSnk6ugVbFywwXs=
github.com/elazarl/goproxy v0.0.0-20240618083138-03be62527ccb/go.mod h1:Ro8st/ElPeALwNFlcTpWmkr6IoMFfkjXAvTHpevnDsM=
github.com/elazarl/goproxy v0.0.0-20240719135048-6ca80f564554 h1:8B1qIhHqKk0835teY4/Ubc0Q4JOM+5sZOcLn7tDuy4s=
github.com/elazarl/goproxy v0.0.0-20240719135048-6ca80f564554/go.mod h1:Ro8st/ElPeALwNFlcTpWmkr6IoMFfkjXAvTHpevnDsM=
github.com/elazarl/goproxy v0.0.0-20240726154733-8b0c20506380 h1:1NyRx2f4W4WBRyg0Kys0ZbaNmDDzZ2R/C7DTi+bbsJ0=
github.com/elazarl/goproxy v0.0.0-20240726154733-8b0c20506380/go.mod h1:thX175TtLTzLj3p7N/Q9IiKZ7NF+p72cvL91emV0hzo=
github.com/elazarl/goproxy v0.0.0-20240909085733-6741dbfc16a1 h1:g7YUigN4dW2+zpdusdTTghZ+5Py3BaUMAStvL8Nk+FY=
github.com/elazarl/goproxy v0.0.0-20240909085733-6741dbfc16a1/go.mod h1:thX175TtLTzLj3p7N/Q9IiKZ7NF+p72cvL91emV0hzo=
github.com/elazarl/goproxy v0.0.0-20241209145312-60626aee8fb5 h1:8uwZ3G6BWD7I0lMflO1m/fUztvFbPKAaY+xZlqQpfVU=
github.com/elazarl/goproxy v0.0.0-20241209145312-60626aee8fb5/go.mod h1:thX175TtLTzLj3p7N/Q9IiKZ7NF+p72cvL91emV0hzo=
github.com/elazarl/goproxy v0.0.0-20241211082540-3df585cdee79 h1:NABA3asqSng3DsFOVN8g2Qvl9dC/8yG5/p3J474mLz8=
github.com/elazarl/goproxy v0.0.0-20241211082540-3df585cdee79/go.mod h1:thX175TtLTzLj3p7N/Q9IiKZ7NF+p72cvL91emV0hzo=
github.com/elazarl/goproxy v0.0.0-20241214220532-033b654b53fa h1:QXLS/iMdK+qcYeZMPHnS6z0+h7WfMz+CAydZyh+Ywa0=
github.com/elazarl/goproxy v0.0.0-20241214220532-033b654b53fa/go.mod h1:thX175TtLTzLj3p7N/Q9IiKZ7NF+p72cvL91emV0hzo=
github.com/elazarl/goproxy/ext v0.0.0-20190711103511-473e67f1d7d2/go.mod h1:gNh8nYJoAm43RfaxurUnxr+N1PwuFV3ZMl/efxlIlY8=
github.com/elazarl/goproxy/ext v0.0.0-20240618083138-03be62527ccb h1:kLNFd3kaKNM3nW0+9Q5uVd8KSC+S/7rIRhOgixk4gw0=
github.com/elazarl/goproxy/ext v0.0.0-20240618083138-03be62527ccb/go.mod h1:gNh8nYJoAm43RfaxurUnxr+N1PwuFV3ZMl/efxlIlY8=
github.com/elazarl/goproxy/ext v0.0.0-20240719135048-6ca80f564554 h1:3kA6mJtjiYG/w5A/9MKmmLocI/o2EkGMifsH3RJTse0=
github.com/elazarl/goproxy/ext v0.0.0-20240719135048-6ca80f564554/go.mod h1:gNh8nYJoAm43RfaxurUnxr+N1PwuFV3ZMl/efxlIlY8=
github.com/elazarl/goproxy/ext v0.0.0-20240725082028-24b50190c200 h1:Aa3BUOvcwPBJxKLEhw97P9fbLK6Zj3HqQJOCtDVi0MU=
github.com/elazarl/goproxy/ext v0.0.0-20240725082028-24b50190c200/go.mod h1:gNh8nYJoAm43RfaxurUnxr+N1PwuFV3ZMl/efxlIlY8=
github.com/elazarl/goproxy/ext v0.0.0-20240726154733-8b0c20506380 h1:p6Ws66Of30g/WbPHSqNipfUAddY06esEFY0VniNBu0U=
github.com/elazarl/goproxy/ext v0.0.0-20240726154733-8b0c20506380/go.mod h1:gNh8nYJoAm43RfaxurUnxr+N1PwuFV3ZMl/efxlIlY8=
github.com/elazarl/goproxy/ext v0.0.0-20240909085733-6741dbfc16a1 h1:XgXwWTQglBILwCpfm8I9xUjPXKOi1EzRzuYzyczU5Z0=
github.com/elazarl/goproxy/ext v0.0.0-20240909085733-6741dbfc16a1/go.mod h1:gNh8nYJoAm43RfaxurUnxr+N1PwuFV3ZMl/efxlIlY8=
github.com/elazarl/goproxy/ext v0.0.0-20241209145312-60626aee8fb5 h1:faylMUtXL0AFkeRpMd+5Fp8I8UvQBwLsbSpd+xItUkk=
github.com/elazarl/goproxy/ext v0.0.0-20241209145312-60626aee8fb5/go.mod h1:gNh8nYJoAm43RfaxurUnxr+N1PwuFV3ZMl/efxlIlY8=
github.com/elazarl/goproxy/ext v0.0.0-20241211082540-3df585cdee79 h1:a4DEUrEdHW/prOCAwP0trJFmkWPNP+a+CaEL8O4u6Ck=
github.com/elazarl/goproxy/ext v0.0.0-20241211082540-3df585cdee79/go.mod h1:gNh8nYJoAm43RfaxurUnxr+N1PwuFV3ZMl/efxlIlY8=
github.com/rogpeppe/go-charset v0.0.0-20180617210344-2471d30d28b4/go.mod h1:qgYeAmZ5ZIpBWTGllZSQnw97Dj+woV0toclVaRGI8pc=
golang.org/x/net v0.26.0 h1:soB7SVo0PWrY4vPW/+ay0jKDNScG2X9wFeYlXIvJsOQ=
golang.org/x/net v0.26.0/go.mod h1:5YKkiSynbBIh3p6iOc/vibscux0x38BZDkn8sCUPxHE=
golang.org/x/text v0.16.0 h1:a94ExnEXNtEwYLGJSIUxnWoxoRz/ZcCsV63ROupILh4=
golang.org/x/text v0.16.0/go.mod h1:GhwF1Be+LQoKShO3cGOHzqOgRrGaYc9AvblQOmPVHnI=
