github.com/elazarl/goproxy v0.0.0-20240618083138-03be62527ccb h1:2SoxRauy2IqekRMggrQk3yNI5X6omSnk6ugVbFywwXs=
github.com/elazarl/goproxy v0.0.0-20240618083138-03be62527ccb/go.mod h1:Ro8st/ElPeALwNFlcTpWmkr6IoMFfkjXAvTHpevnDsM=
github.com/elazarl/goproxy v0.0.0-20240719135048-6ca80f564554 h1:8B1qIhHqKk0835teY4/Ubc0Q4JOM+5sZOcLn7tDuy4s=
github.com/elazarl/goproxy v0.0.0-20240719135048-6ca80f564554/go.mod h1:Ro8st/ElPeALwNFlcTpWmkr6IoMFfkjXAvTHpevnDsM=
github.com/elazarl/goproxy v0.0.0-20240726154733-8b0c20506380 h1:1NyRx2f4W4WBRyg0Kys0ZbaNmDDzZ2R/C7DTi+bbsJ0=
github.com/elazarl/goproxy v0.0.0-20240726154733-8b0c20506380/go.mod h1:thX175TtLTzLj3p7N/Q9IiKZ7NF+p72cvL91emV0hzo=
github.com/elazarl/goproxy v0.0.0-20240909085733-6741dbfc16a1 h1:g7YUigN4dW2+zpdusdTTghZ+5Py3BaUMAStvL8Nk+FY=
github.com/elazarl/goproxy v0.0.0-20240909085733-6741dbfc16a1/go.mod h1:thX175TtLTzLj3p7N/Q9IiKZ7NF+p72cvL91emV0hzo=
github.com/elazarl/goproxy v0.0.0-20241209145312-60626aee8fb5 h1:8uwZ3G6BWD7I0lMflO1m/fUztvFbPKAaY+xZlqQpfVU=
github.com/elazarl/goproxy v0.0.0-20241209145312-60626aee8fb5/go.mod h1:thX175TtLTzLj3p7N/Q9IiKZ7NF+p72cvL91emV0hzo=
github.com/elazarl/goproxy v0.0.0-20241211082540-3df585cdee79 h1:NABA3asqSng3DsFOVN8g2Qvl9dC/8yG5/p3J474mLz8=
github.com/elazarl/goproxy v0.0.0-20241211082540-3df585cdee79/go.mod h1:thX175TtLTzLj3p7N/Q9IiKZ7NF+p72cvL91emV0hzo=
github.com/elazarl/goproxy v0.0.0-20241214220532-033b654b53fa h1:QXLS/iMdK+qcYeZMPHnS6z0+h7WfMz+CAydZyh+Ywa0=
github.com/elazarl/goproxy v0.0.0-20241214220532-033b654b53fa/go.mod h1:thX175TtLTzLj3p7N/Q9IiKZ7NF+p72cvL91emV0hzo=
github.com/elazarl/goproxy v0.0.0-20241216204737-5d8f603c0208 h1:0VhxYcIDsGc2ww/rjSs+AzbwyK2gB3BTeB6g6pCUVRY=
github.com/elazarl/goproxy v0.0.0-20241216204737-5d8f603c0208/go.mod h1:P73liMk9TZCyF9fXG/RyMeSizmATvpvy3ZS61/1eXn4=
github.com/elazarl/goproxy v0.0.0-20241217120900-7711dfa3811c h1:yWAGp1CjD1mQGLUsADqPn5s1n2AkGAX33XLDUgoXzyo=
github.com/elazarl/goproxy v0.0.0-20241217120900-7711dfa3811c/go.mod h1:P73liMk9TZCyF9fXG/RyMeSizmATvpvy3ZS61/1eXn4=
github.com/elazarl/goproxy v0.0.0-20241217194742-73b2f3f620fe h1:eVrav77feNUt3xvbnoeJW48EVf1OOlWoH+H3d8gV7gc=
github.com/elazarl/goproxy v0.0.0-20241217194742-73b2f3f620fe/go.mod h1:3TKt+OFpElWuCtt5bphUyO97JT606j9Ffx4S2pfIcCo=
github.com/elazarl/goproxy v0.0.0-20241218172127-ac55c7698e0d h1:r8DboPPvhhSMCWfmBEDoLuNvHetXH8/AZUdaRLNYgXE=
github.com/elazarl/goproxy v0.0.0-20241218172127-ac55c7698e0d/go.mod h1:3TKt+OFpElWuCtt5bphUyO97JT606j9Ffx4S2pfIcCo=
github.com/elazarl/goproxy v0.0.0-20241219141958-0cbc93263399 h1:WBf0ImRm78m/cgOOob9PUyQdYYod2luQA6fs+OqAjbw=
github.com/elazarl/goproxy v0.0.0-20241219141958-0cbc93263399/go.mod h1:3tPvP6c6GrQS4u4TJEbOoqGC2wDNMLra3t6AXWwtL0M=
github.com/elazarl/goproxy v0.0.0-20241220212429-b7394082e817 h1:YLGjskrxyc4xR/RdlwRBL7zhX2zWqqDKzfhxUPVczYc=
github.com/elazarl/goproxy v0.0.0-20241220212429-b7394082e817/go.mod h1:YfEbZtqP4AetfO6d40vWchF3znWX7C7Vd6ZMfdL8z64=
github.com/elazarl/goproxy v0.0.0-20241221210044-9faedc2f9e9f h1:88OAVe185Z0YRj/KtiYdFxrEfGBlWBd6cspLJJvgMKo=
github.com/elazarl/goproxy v0.0.0-20241221210044-9faedc2f9e9f/go.mod h1:YfEbZtqP4AetfO6d40vWchF3znWX7C7Vd6ZMfdL8z64=
github.com/elazarl/goproxy v0.0.0-20241223171911-d5978cb8c956 h1:HyPt0ZkHkpke+HFl/4dDMz55A/AjFn7ZnLSm8GfdnwU=
github.com/elazarl/goproxy v0.0.0-20241223171911-d5978cb8c956/go.mod h1:YfEbZtqP4AetfO6d40vWchF3znWX7C7Vd6ZMfdL8z64=
github.com/elazarl/goproxy v0.0.0-20241224112848-b717bebf1f4e h1:nOw8FFVWERbrB8rbTTCPr5RbcvzMyG9eM7+7w+EOkhk=
github.com/elazarl/goproxy v0.0.0-20241224112848-b717bebf1f4e/go.mod h1:YfEbZtqP4AetfO6d40vWchF3znWX7C7Vd6ZMfdL8z64=
github.com/elazarl/goproxy v1.2.1 h1:njjgvO6cRG9rIqN2ebkqy6cQz2Njkx7Fsfv/zIZqgug=
github.com/elazarl/goproxy v1.2.1/go.mod h1:YfEbZtqP4AetfO6d40vWchF3znWX7C7Vd6ZMfdL8z64=
github.com/elazarl/goproxy v1.2.2 h1:gBQSetgBgnAW4DTeymUR/zKvXOAf24uH3+V3bilhJ3M=
github.com/elazarl/goproxy v1.2.2/go.mod h1:YfEbZtqP4AetfO6d40vWchF3znWX7C7Vd6ZMfdL8z64=
github.com/elazarl/goproxy v1.2.3 h1:xwIyKHbaP5yfT6O9KIeYJR5549MXRQkoQMRXGztz8YQ=
github.com/elazarl/goproxy v1.2.3/go.mod h1:YfEbZtqP4AetfO6d40vWchF3znWX7C7Vd6ZMfdL8z64=
github.com/elazarl/goproxy v1.2.5 h1:43dwRUm1gUQbwLcZ06fzMGqduAoHXK2+43k8Pu2KOuI=
github.com/elazarl/goproxy v1.2.5/go.mod h1:yBhqz1/IaNA5tCayHGVfFmuzyanF6YeDNGIwPhfvtp8=
github.com/elazarl/goproxy v1.2.6 h1:jk1cwYYz96HhB985lQ1FFv7UcYVQHV84w8lWtpxW7WE=
github.com/elazarl/goproxy v1.2.6/go.mod h1:yBhqz1/IaNA5tCayHGVfFmuzyanF6YeDNGIwPhfvtp8=
github.com/elazarl/goproxy v1.2.7 h1:Eg75fR284wQ0nj0Nr9lK8P+yjd+xAmz/dJdkzeNt5xw=
github.com/elazarl/goproxy v1.2.7/go.mod h1:X/5W/t+gzDyLfHW4DrMdpjqYjpXsURlBt9lpBDxZZZQ=
github.com/elazarl/goproxy v1.2.8 h1:MwEJaka7qf9iXGfIdBX3A2OT/bYY93ekxd1tmMpQL/4=
github.com/elazarl/goproxy v1.2.8/go.mod h1:X/5W/t+gzDyLfHW4DrMdpjqYjpXsURlBt9lpBDxZZZQ=
github.com/elazarl/goproxy v1.3.0 h1:hpDH1r1qJgM3eusz7lP+BiMPnLiWPa6hDjIFF5WVCjE=
github.com/elazarl/goproxy v1.3.0/go.mod h1:X/5W/t+gzDyLfHW4DrMdpjqYjpXsURlBt9lpBDxZZZQ=
github.com/elazarl/goproxy/ext v0.0.0-20190711103511-473e67f1d7d2/go.mod h1:gNh8nYJoAm43RfaxurUnxr+N1PwuFV3ZMl/efxlIlY8=
github.com/elazarl/goproxy/ext v0.0.0-20240618083138-03be62527ccb h1:kLNFd3kaKNM3nW0+9Q5uVd8KSC+S/7rIRhOgixk4gw0=
github.com/elazarl/goproxy/ext v0.0.0-20240618083138-03be62527ccb/go.mod h1:gNh8nYJoAm43RfaxurUnxr+N1PwuFV3ZMl/efxlIlY8=
github.com/elazarl/goproxy/ext v0.0.0-20240719135048-6ca80f564554 h1:3kA6mJtjiYG/w5A/9MKmmLocI/o2EkGMifsH3RJTse0=
github.com/elazarl/goproxy/ext v0.0.0-20240719135048-6ca80f564554/go.mod h1:gNh8nYJoAm43RfaxurUnxr+N1PwuFV3ZMl/efxlIlY8=
github.com/elazarl/goproxy/ext v0.0.0-20240725082028-24b50190c200 h1:Aa3BUOvcwPBJxKLEhw97P9fbLK6Zj3HqQJOCtDVi0MU=
github.com/elazarl/goproxy/ext v0.0.0-20240725082028-24b50190c200/go.mod h1:gNh8nYJoAm43RfaxurUnxr+N1PwuFV3ZMl/efxlIlY8=
github.com/elazarl/goproxy/ext v0.0.0-20240726154733-8b0c20506380 h1:p6Ws66Of30g/WbPHSqNipfUAddY06esEFY0VniNBu0U=
github.com/elazarl/goproxy/ext v0.0.0-20240726154733-8b0c20506380/go.mod h1:gNh8nYJoAm43RfaxurUnxr+N1PwuFV3ZMl/efxlIlY8=
github.com/elazarl/goproxy/ext v0.0.0-20240909085733-6741dbfc16a1 h1:XgXwWTQglBILwCpfm8I9xUjPXKOi1EzRzuYzyczU5Z0=
github.com/elazarl/goproxy/ext v0.0.0-20240909085733-6741dbfc16a1/go.mod h1:gNh8nYJoAm43RfaxurUnxr+N1PwuFV3ZMl/efxlIlY8=
github.com/elazarl/goproxy/ext v0.0.0-20241209145312-60626aee8fb5 h1:faylMUtXL0AFkeRpMd+5Fp8I8UvQBwLsbSpd+xItUkk=
github.com/elazarl/goproxy/ext v0.0.0-20241209145312-60626aee8fb5/go.mod h1:gNh8nYJoAm43RfaxurUnxr+N1PwuFV3ZMl/efxlIlY8=
github.com/elazarl/goproxy/ext v0.0.0-20241211082540-3df585cdee79 h1:a4DEUrEdHW/prOCAwP0trJFmkWPNP+a+CaEL8O4u6Ck=
github.com/elazarl/goproxy/ext v0.0.0-20241211082540-3df585cdee79/go.mod h1:gNh8nYJoAm43RfaxurUnxr+N1PwuFV3ZMl/efxlIlY8=
github.com/elazarl/goproxy/ext v0.0.0-20241214220532-033b654b53fa h1:gQuOZ2cMGOd4cwAi0VRW7EZijB2IwptXOR8foqc9T1k=
github.com/elazarl/goproxy/ext v0.0.0-20241214220532-033b654b53fa/go.mod h1:gNh8nYJoAm43RfaxurUnxr+N1PwuFV3ZMl/efxlIlY8=
github.com/elazarl/goproxy/ext v0.0.0-20241216102027-e85c60b37433 h1:zezqs+UN/8nYMOm1PobfrT/FxliWYq5Um1DLxyHA8d0=
github.com/elazarl/goproxy/ext v0.0.0-20241216102027-e85c60b37433/go.mod h1:gNh8nYJoAm43RfaxurUnxr+N1PwuFV3ZMl/efxlIlY8=
github.com/elazarl/goproxy/ext v0.0.0-20241216204737-5d8f603c0208 h1:6gXDJ7gLPOkWNuljUDWccfzvnF+ixyOsvtG4YREO9fw=
github.com/elazarl/goproxy/ext v0.0.0-20241216204737-5d8f603c0208/go.mod h1:gNh8nYJoAm43RfaxurUnxr+N1PwuFV3ZMl/efxlIlY8=
github.com/elazarl/goproxy/ext v0.0.0-20241217194742-73b2f3f620fe h1:HWfb7POZKZdUYut8DYTT7JKG+Mv0UYVuzrfb+O64SRY=
github.com/elazarl/goproxy/ext v0.0.0-20241217194742-73b2f3f620fe/go.mod h1:ScEjSlgsK/PbRBj/2phUGNVWNd5M0PWjjE7Av1v2Q6k=
github.com/elazarl/goproxy/ext v0.0.0-20241218172127-ac55c7698e0d h1:RPG3y1QcKdUjTzSGCNVIlXkjcExrmgnib6uaEuvHwpg=
github.com/elazarl/goproxy/ext v0.0.0-20241218172127-ac55c7698e0d/go.mod h1:ScEjSlgsK/PbRBj/2phUGNVWNd5M0PWjjE7Av1v2Q6k=
github.com/elazarl/goproxy/ext v0.0.0-20241219141958-0cbc93263399 h1:iB25mk3ewdwdEqwXapkaesF3LvPuxgJKBvWZNbnyow8=
github.com/elazarl/goproxy/ext v0.0.0-20241219141958-0cbc93263399/go.mod h1:DEvfDyWNIyrlHPf6uR2sSJdXUiWu5pzDg/Io6C2G3gE=
github.com/elazarl/goproxy/ext v0.0.0-20241220212429-b7394082e817 h1:39dUMS0l0duHgzRiOihwA0uQ8hd5zWIGm/peiVPTEOs=
github.com/elazarl/goproxy/ext v0.0.0-20241220212429-b7394082e817/go.mod h1:1VuKOJ9D95V41cEqTyM6bQ/kkk410GK9yzIt+gwN/qc=
github.com/elazarl/goproxy/ext v0.0.0-20241221210044-9faedc2f9e9f h1:URGXI4VQHjfIUlPzpy8zDW5Kkfgthzz32/DyGCcQLyg=
github.com/elazarl/goproxy/ext v0.0.0-20241221210044-9faedc2f9e9f/go.mod h1:1VuKOJ9D95V41cEqTyM6bQ/kkk410GK9yzIt+gwN/qc=
github.com/elazarl/goproxy/ext v0.0.0-20241223171911-d5978cb8c956 h1:srlg5u6rMWwCLpl8a56gWpmykxV7XcbeMNpNdFL7BgM=
github.com/elazarl/goproxy/ext v0.0.0-20241223171911-d5978cb8c956/go.mod h1:1VuKOJ9D95V41cEqTyM6bQ/kkk410GK9yzIt+gwN/qc=
github.com/elazarl/goproxy/ext v0.0.0-20241224112848-b717bebf1f4e h1:y30vJ0bh3Ca+Y7bDFi8aH/CxvZ8NiPAgUVMkCcKJu5c=
github.com/elazarl/goproxy/ext v0.0.0-20241224112848-b717bebf1f4e/go.mod h1:1VuKOJ9D95V41cEqTyM6bQ/kkk410GK9yzIt+gwN/qc=
github.com/elazarl/goproxy/ext v0.0.0-20241227122202-020a007f104c h1:Ajbr3bZng2LNuX7Us6b3UbUz1h3OZstZm4XE5vAFG/c=
github.com/elazarl/goproxy/ext v0.0.0-20241227122202-020a007f104c/go.mod h1:1VuKOJ9D95V41cEqTyM6bQ/kkk410GK9yzIt+gwN/qc=
github.com/elazarl/goproxy/ext v0.0.0-20241230175348-408830d5e84a h1:+ytfJF2G0rB6nFwO8pqxpWRsT3lYIaa2dYMYBrUEG0E=
github.com/elazarl/goproxy/ext v0.0.0-20241230175348-408830d5e84a/go.mod h1:1VuKOJ9D95V41cEqTyM6bQ/kkk410GK9yzIt+gwN/qc=
github.com/elazarl/goproxy/ext v0.0.0-20241231144023-3d6017ab75a3 h1:Mqgz5sQ6m38RDWDz8eM3mnrVdKoQaT0KssWq2ndoeyM=
github.com/elazarl/goproxy/ext v0.0.0-20241231144023-3d6017ab75a3/go.mod h1:1VuKOJ9D95V41cEqTyM6bQ/kkk410GK9yzIt+gwN/qc=
github.com/elazarl/goproxy/ext v0.0.0-20250102183631-5191771ebe57 h1:5cWczgBGI6/0vUkJd2fFKb9bt1Xbjea7zYhdJDFJDCk=
github.com/elazarl/goproxy/ext v0.0.0-20250102183631-5191771ebe57/go.mod h1:1VuKOJ9D95V41cEqTyM6bQ/kkk410GK9yzIt+gwN/qc=
github.com/elazarl/goproxy/ext v0.0.0-20250103131420-b73ee1d7f990 h1:5f27/8545MzQ0l9nzv552Gf4Vd4IXQMPM6FP0R3jlV4=
github.com/elazarl/goproxy/ext v0.0.0-20250103131420-b73ee1d7f990/go.mod h1:1VuKOJ9D95V41cEqTyM6bQ/kkk410GK9yzIt+gwN/qc=
github.com/elazarl/goproxy/ext v0.0.0-20250106225600-bb08896df283 h1:UgteWTH7hX9dcsjwsaqt6g7fOt08rQ9CEs/Ph2vd9aY=
github.com/elazarl/goproxy/ext v0.0.0-20250106225600-bb08896df283/go.mod h1:mT0x2eQlbX0qp1FY96blJ6FRGtK+SIRPQAJUcslPDaQ=
github.com/elazarl/goproxy/ext v0.0.0-20250107142442-80e95ad573c8 h1:oGRv5qwJUJoeOHJ1oLarAC5H2AcA9ldXVczAqIZxIRw=
github.com/elazarl/goproxy/ext v0.0.0-20250107142442-80e95ad573c8/go.mod h1:mT0x2eQlbX0qp1FY96blJ6FRGtK+SIRPQAJUcslPDaQ=
github.com/elazarl/goproxy/ext v0.0.0-20250110140559-10fc34b80676 h1:3bAtOWqImclW/5rXbhNyAcM122jafst+/+4J4vC8wZI=
github.com/elazarl/goproxy/ext v0.0.0-20250110140559-10fc34b80676/go.mod h1:q2JQCFWg+AQfe6O2cbf7LJDB48R68w+q0pBU53v02iM=
github.com/elazarl/goproxy/ext v0.0.0-20250112232714-41d4edd0909e h1:+7BErHK1lKKlR9j3VEWnIBDvN5eSBpuCIg9rcruhIRI=
github.com/elazarl/goproxy/ext v0.0.0-20250112232714-41d4edd0909e/go.mod h1:q2JQCFWg+AQfe6O2cbf7LJDB48R68w+q0pBU53v02iM=
github.com/rogpeppe/go-charset v0.0.0-20180617210344-2471d30d28b4/go.mod h1:qgYeAmZ5ZIpBWTGllZSQnw97Dj+woV0toclVaRGI8pc=
golang.org/x/net v0.26.0 h1:soB7SVo0PWrY4vPW/+ay0jKDNScG2X9wFeYlXIvJsOQ=
golang.org/x/net v0.26.0/go.mod h1:5YKkiSynbBIh3p6iOc/vibscux0x38BZDkn8sCUPxHE=
golang.org/x/net v0.32.0 h1:ZqPmj8Kzc+Y6e0+skZsuACbx+wzMgo5MQsJh9Qd6aYI=
golang.org/x/net v0.32.0/go.mod h1:CwU0IoeOlnQQWJ6ioyFrfRuomB8GKF6KbYXZVyeXNfs=
golang.org/x/net v0.33.0 h1:74SYHlV8BIgHIFC/LrYkOGIwL19eTYXQ5wc6TBuO36I=
golang.org/x/net v0.33.0/go.mod h1:HXLR5J+9DxmrqMwG9qjGCxZ+zKXxBru04zlTvWlWuN4=
golang.org/x/net v0.34.0 h1:Mb7Mrk043xzHgnRM88suvJFwzVrRfHEHJEl5/71CKw0=
golang.org/x/net v0.34.0/go.mod h1:di0qlW3YNM5oh6GqDGQr92MyTozJPmybPK4Ev/Gm31k=
golang.org/x/text v0.16.0 h1:a94ExnEXNtEwYLGJSIUxnWoxoRz/ZcCsV63ROupILh4=
golang.org/x/text v0.16.0/go.mod h1:GhwF1Be+LQoKShO3cGOHzqOgRrGaYc9AvblQOmPVHnI=
golang.org/x/text v0.21.0 h1:zyQAAkrwaneQ066sspRyJaG9VNi/YJ1NfzcGB3hZ/qo=
golang.org/x/text v0.21.0/go.mod h1:4IBbMaMmOPCJ8SecivzSH54+73PCFmPWxNTLm+vZkEQ=
