# This file is autogenerated, do not edit; changes may be undone by the next 'dep ensure'.


[[projects]]
  digest = "1:2bb7c3f28dc56124857cc07745c293cb15c1eff3417aaef3356a4e614fa728bc"
  name = "github.com/elazarl/goproxy"
  packages = ["."]
  pruneopts = ""
  revision = "947c36da3153ff334e74d9d980de341d25f358ba"
  version = "v1.1"

[solve-meta]
  analyzer-name = "dep"
  analyzer-version = 1
  input-imports = ["github.com/elazarl/goproxy"]
  solver-name = "gps-cdcl"
  solver-version = 1
